{
  "requires": true,
  "lockfileVersion": 1,
  "dependencies": {
    "@yaireo/tagify": {
      "version": "3.9.3",
      "resolved": "https://registry.npmjs.org/@yaireo/tagify/-/tagify-3.9.3.tgz",
      "integrity": "sha512-cS6WyMYY4YD8Op6qwsm1jE2zIxf9RQGJvYkuye4hOzgm4p77aZyByfz1+hmpAWXJZStSpff2iDn7aOB97Smoeg=="
    },
    "jquery": {
      "version": "3.5.1",
      "resolved": "https://registry.npmjs.org/jquery/-/jquery-3.5.1.tgz",
      "integrity": "sha512-XwIBPqcMn57FxfT+Go5pzySnm4KWkT1Tv7gjrpT1srtf8Weynl6R273VJ5GjkRb51IzMp5nbaPjJXMWeju2MKg=="
    },
    "optimist": {
      "version": "0.3.7",
      "resolved": "https://registry.npmjs.org/optimist/-/optimist-0.3.7.tgz",
      "integrity": "sha1-yQlBrVnkJzMokjB00s8ufLxuwNk=",
      "requires": {
        "wordwrap": "~0.0.2"
      }
    },
    "wordwrap": {
      "version": "0.0.3",
      "resolved": "https://registry.npmjs.org/wordwrap/-/wordwrap-0.0.3.tgz",
      "integrity": "sha1-o9XabNXAvAAI03I0u68b7WMFkQc="
    }
  }
}
